{
  "requires": true,
  "lockfileVersion": 1,
  "dependencies": {
    "ngx-timeago": {
      "version": "2.0.0",
      "resolved": "https://registry.npmjs.org/ngx-timeago/-/ngx-timeago-2.0.0.tgz",
      "integrity": "sha512-5kQZeTPCkegEcSooUu3W0BSOwvxEt1q6zjodwEOYoW/FxETC8Bk1zQF1QOPZLS+Nu3GLA+g1oPXMVBonM+CYQQ==",
      "requires": {
        "tslib": "^2.0.0"
      }
    },
    "tslib": {
      "version": "2.2.0",
      "resolved": "https://registry.npmjs.org/tslib/-/tslib-2.2.0.tgz",
      "integrity": "sha512-gS9GVHRU+RGn5KQM2rllAlR3dU6m7AcpJKdtH8gFvQiC4Otgk98XnmMU+nZenHt/+VhnBPWwgrJsyrdcw6i23w=="
    }
  }
}
